{
    "_readme": [
        "This file locks the dependencies of your project to a known state",
        "Read more about it at https://getcomposer.org/doc/01-basic-usage.md#composer-lock-the-lock-file",
        "This file is @generated automatically"
    ],
    "content-hash": "3b9369a7ded58fbe8c00cb70d94f3922",
    "packages": [
        {
            "name": "rakit/validation",
            "version": "v0.14.0",
            "source": {
                "type": "git",
                "url": "https://github.com/rakit/validation.git",
                "reference": "40837c49180d2e8e36c2ed9188e34d994474e55c"
            },
            "dist": {
                "type": "zip",
                "url": "https://api.github.com/repos/rakit/validation/zipball/40837c49180d2e8e36c2ed9188e34d994474e55c",
                "reference": "40837c49180d2e8e36c2ed9188e34d994474e55c",
                "shasum": ""
            },
            "require": {
                "php": ">=5.5.0"
            },
            "require-dev": {
                "phpunit/phpunit": "4.*"
            },
            "type": "library",
            "autoload": {
                "psr-4": {
                    "Rakit\\Validation\\": "src"
                }
            },
            "notification-url": "https://packagist.org/downloads/",
            "license": [
                "MIT"
            ],
            "authors": [
                {
                    "name": "Muhammad Syifa",
                    "email": "emsifa@gmail.com"
                }
            ],
            "description": "PHP Laravel like standalone validation library",
            "time": "2018-01-25T12:41:55+00:00"
        },
        {
            "name": "rlanvin/php-form",
            "version": "v2.0.1",
            "source": {
                "type": "git",
                "url": "https://github.com/rlanvin/php-form.git",
                "reference": "d68c4fe9cc2e9191175169409d718a59ea1bff55"
            },
            "dist": {
                "type": "zip",
                "url": "https://api.github.com/repos/rlanvin/php-form/zipball/d68c4fe9cc2e9191175169409d718a59ea1bff55",
                "reference": "d68c4fe9cc2e9191175169409d718a59ea1bff55",
                "shasum": ""
            },
            "require": {
                "ext-mbstring": "*",
                "php": ">=5.4.0"
            },
            "suggest": {
                "ext-intl": "Intl extension is useful for validating formatted numbers"
            },
            "type": "library",
            "autoload": {
                "psr-4": {
                    "Form\\": "src/"
                }
            },
            "notification-url": "https://packagist.org/downloads/",
            "license": [
                "MIT"
            ],
            "description": "Lightweight form validation library for PHP",
            "homepage": "https://github.com/rlanvin/php-form",
            "keywords": [
                "form",
                "validation"
            ],
            "time": "2016-04-11T09:58:23+00:00"
        },
        {
            "name": "vlucas/valitron",
            "version": "v1.4.2",
            "source": {
                "type": "git",
                "url": "https://github.com/vlucas/valitron.git",
                "reference": "87775d76268beda2afa085bdd6e44b17e98907c6"
            },
            "dist": {
                "type": "zip",
                "url": "https://api.github.com/repos/vlucas/valitron/zipball/87775d76268beda2afa085bdd6e44b17e98907c6",
                "reference": "87775d76268beda2afa085bdd6e44b17e98907c6",
                "shasum": ""
            },
            "require": {
                "php": ">=5.3.2"
            },
            "require-dev": {
                "phpunit/phpunit": "~4.0"
            },
            "type": "library",
            "autoload": {
                "psr-0": {
                    "Valitron": "src/"
                }
            },
            "notification-url": "https://packagist.org/downloads/",
            "license": [
                "BSD"
            ],
            "authors": [
                {
                    "name": "Vance Lucas",
                    "email": "vance@vancelucas.com",
                    "homepage": "http://www.vancelucas.com"
                }
            ],
            "description": "Simple, elegant, stand-alone validation library with NO dependencies",
            "homepage": "http://github.com/vlucas/valitron",
            "keywords": [
                "valid",
                "validation",
                "validator"
            ],
            "time": "2017-10-30T23:15:06+00:00"
        }
    ],
    "packages-dev": [],
    "aliases": [],
    "minimum-stability": "stable",
    "stability-flags": [],
    "prefer-stable": false,
    "prefer-lowest": false,
    "platform": [],
    "platform-dev": []
}
